PODS:
  - Alamofire (4.4.0)
  - iOSSBackAPI (0.1.0):
    - Alamofire (~> 4.4)

DEPENDENCIES:
  - Alamofire (~> 4.4)
  - iOSSBackAPI (from `../`)

EXTERNAL SOURCES:
  iOSSBackAPI:
    :path: ../

SPEC CHECKSUMS:
  Alamofire: dc44b1600b800eb63da6a19039a0083d62a6a62d
  iOSSBackAPI: a14f651d23d994d435a7136e1c7fa9d4d5129a99

PODFILE CHECKSUM: a08db8b24c2b9b4dc3e53677f3d76df55fe04b41

COCOAPODS: 1.2.1
